
Microsoft Visual Studio Solution File, Format Version 12.00
# Visual Studio Version 16
VisualStudioVersion = 16.0.31205.134
MinimumVisualStudioVersion = 10.0.40219.1
Project("{9A19103F-16F7-4668-BE54-9A1E7A4F7556}") = "API", "API\API.csproj", "{2A9D5FC4-428D-4C36-BBE1-D6378818FF60}"
EndProject
Project("{9A19103F-16F7-4668-BE54-9A1E7A4F7556}") = "UI", "UI\UI.csproj", "{65F6AF0D-0662-465F-A8BA-A7F178CB2AD3}"
EndProject
Project("{FAE04EC0-301F-11D3-BF4B-00C04F79EFBC}") = "DTO", "DTO\DTO.csproj", "{EBCB90B5-4DA8-45B5-90CA-A31430CA4B8E}"
EndProject
Global
	GlobalSection(SolutionConfigurationPlatforms) = preSolution
		Debug|Any CPU = Debug|Any CPU
		Release|Any CPU = Release|Any CPU
	EndGlobalSection
	GlobalSection(ProjectConfigurationPlatforms) = postSolution
		{2A9D5FC4-428D-4C36-BBE1-D6378818FF60}.Debug|Any CPU.ActiveCfg = Debug|Any CPU
		{2A9D5FC4-428D-4C36-BBE1-D6378818FF60}.Debug|Any CPU.Build.0 = Debug|Any CPU
		{2A9D5FC4-428D-4C36-BBE1-D6378818FF60}.Release|Any CPU.ActiveCfg = Release|Any CPU
		{2A9D5FC4-428D-4C36-BBE1-D6378818FF60}.Release|Any CPU.Build.0 = Release|Any CPU
		{65F6AF0D-0662-465F-A8BA-A7F178CB2AD3}.Debug|Any CPU.ActiveCfg = Debug|Any CPU
		{65F6AF0D-0662-465F-A8BA-A7F178CB2AD3}.Debug|Any CPU.Build.0 = Debug|Any CPU
		{65F6AF0D-0662-465F-A8BA-A7F178CB2AD3}.Release|Any CPU.ActiveCfg = Release|Any CPU
		{65F6AF0D-0662-465F-A8BA-A7F178CB2AD3}.Release|Any CPU.Build.0 = Release|Any CPU
		{EBCB90B5-4DA8-45B5-90CA-A31430CA4B8E}.Debug|Any CPU.ActiveCfg = Debug|Any CPU
		{EBCB90B5-4DA8-45B5-90CA-A31430CA4B8E}.Debug|Any CPU.Build.0 = Debug|Any CPU
		{EBCB90B5-4DA8-45B5-90CA-A31430CA4B8E}.Release|Any CPU.ActiveCfg = Release|Any CPU
		{EBCB90B5-4DA8-45B5-90CA-A31430CA4B8E}.Release|Any CPU.Build.0 = Release|Any CPU
	EndGlobalSection
	GlobalSection(SolutionProperties) = preSolution
		HideSolutionNode = FALSE
	EndGlobalSection
	GlobalSection(ExtensibilityGlobals) = postSolution
		SolutionGuid = {2BEC3948-3519-4F25-9029-898C9A6A9A7A}
	EndGlobalSection
EndGlobal
